
Microsoft Visual Studio Solution File, Format Version 12.00
# Visual Studio Version 17
VisualStudioVersion = 17.5.002.0
MinimumVisualStudioVersion = 10.0.40219.1
Project("{9A19103F-16F7-4668-BE54-9A1E7A4F7556}") = "Ex02", "Ex02.csproj", "{060B8653-7FCD-4C5E-9455-7EDFF02A4982}"
EndProject
Global
	GlobalSection(SolutionConfigurationPlatforms) = preSolution
		Debug|Any CPU = Debug|Any CPU
		Release|Any CPU = Release|Any CPU
	EndGlobalSection
	GlobalSection(ProjectConfigurationPlatforms) = postSolution
		{060B8653-7FCD-4C5E-9455-7EDFF02A4982}.Debug|Any CPU.ActiveCfg = Debug|Any CPU
		{060B8653-7FCD-4C5E-9455-7EDFF02A4982}.Debug|Any CPU.Build.0 = Debug|Any CPU
		{060B8653-7FCD-4C5E-9455-7EDFF02A4982}.Release|Any CPU.ActiveCfg = Release|Any CPU
		{060B8653-7FCD-4C5E-9455-7EDFF02A4982}.Release|Any CPU.Build.0 = Release|Any CPU
	EndGlobalSection
	GlobalSection(SolutionProperties) = preSolution
		HideSolutionNode = FALSE
	EndGlobalSection
	GlobalSection(ExtensibilityGlobals) = postSolution
		SolutionGuid = {BAF61974-9F1A-493C-AACD-4A22B2E59BA5}
	EndGlobalSection
EndGlobal
